// !$*UTF8*$!
{
	archiveVersion = 1;
	classes = {
	};
	objectVersion = 50;
	objects = {

/* Begin PBXBuildFile section */
		B47468F7235ACABF00F8359E /* AppDelegate.swift in Sources */ = {isa = PBXBuildFile; fileRef = B47468F6235ACABF00F8359E /* AppDelegate.swift */; };
		B47468F9235ACABF00F8359E /* SceneDelegate.swift in Sources */ = {isa = PBXBuildFile; fileRef = B47468F8235ACABF00F8359E /* SceneDelegate.swift */; };
		B47468FB235ACABF00F8359E /* ContentView.swift in Sources */ = {isa = PBXBuildFile; fileRef = B47468FA235ACABF00F8359E /* ContentView.swift */; };
		B47468FD235ACAC100F8359E /* Assets.xcassets in Resources */ = {isa = PBXBuildFile; fileRef = B47468FC235ACAC100F8359E /* Assets.xcassets */; };
		B4746900235ACAC100F8359E /* Preview Assets.xcassets in Resources */ = {isa = PBXBuildFile; fileRef = B47468FF235ACAC100F8359E /* Preview Assets.xcassets */; };
		B4746903235ACAC100F8359E /* LaunchScreen.storyboard in Resources */ = {isa = PBXBuildFile; fileRef = B4746901235ACAC100F8359E /* LaunchScreen.storyboard */; };
		B474690B235ACB7600F8359E /* WatchTimer.swift in Sources */ = {isa = PBXBuildFile; fileRef = B474690A235ACB7600F8359E /* WatchTimer.swift */; };
		B474690D235ACBF200F8359E /* LaunchTimerView.swift in Sources */ = {isa = PBXBuildFile; fileRef = B474690C235ACBF200F8359E /* LaunchTimerView.swift */; };
		B474690F235ACCD100F8359E /* TimerView.swift in Sources */ = {isa = PBXBuildFile; fileRef = B474690E235ACCD100F8359E /* TimerView.swift */; };
/* End PBXBuildFile section */

/* Begin PBXFileReference section */
		B47468F3235ACABF00F8359E /* DispatchSourceTimerSwiftUIReloadBug.app */ = {isa = PBXFileReference; explicitFileType = wrapper.application; includeInIndex = 0; path = DispatchSourceTimerSwiftUIReloadBug.app; sourceTree = BUILT_PRODUCTS_DIR; };
		B47468F6235ACABF00F8359E /* AppDelegate.swift */ = {isa = PBXFileReference; lastKnownFileType = sourcecode.swift; path = AppDelegate.swift; sourceTree = "<group>"; };
		B47468F8235ACABF00F8359E /* SceneDelegate.swift */ = {isa = PBXFileReference; lastKnownFileType = sourcecode.swift; path = SceneDelegate.swift; sourceTree = "<group>"; };
		B47468FA235ACABF00F8359E /* ContentView.swift */ = {isa = PBXFileReference; lastKnownFileType = sourcecode.swift; path = ContentView.swift; sourceTree = "<group>"; };
		B47468FC235ACAC100F8359E /* Assets.xcassets */ = {isa = PBXFileReference; lastKnownFileType = folder.assetcatalog; path = Assets.xcassets; sourceTree = "<group>"; };
		B47468FF235ACAC100F8359E /* Preview Assets.xcassets */ = {isa = PBXFileReference; lastKnownFileType = folder.assetcatalog; path = "Preview Assets.xcassets"; sourceTree = "<group>"; };
		B4746902235ACAC100F8359E /* Base */ = {isa = PBXFileReference; lastKnownFileType = file.storyboard; name = Base; path = Base.lproj/LaunchScreen.storyboard; sourceTree = "<group>"; };
		B4746904235ACAC100F8359E /* Info.plist */ = {isa = PBXFileReference; lastKnownFileType = text.plist.xml; path = Info.plist; sourceTree = "<group>"; };
		B474690A235ACB7600F8359E /* WatchTimer.swift */ = {isa = PBXFileReference; lastKnownFileType = sourcecode.swift; path = WatchTimer.swift; sourceTree = "<group>"; };
		B474690C235ACBF200F8359E /* LaunchTimerView.swift */ = {isa = PBXFileReference; lastKnownFileType = sourcecode.swift; path = LaunchTimerView.swift; sourceTree = "<group>"; };
		B474690E235ACCD100F8359E /* TimerView.swift */ = {isa = PBXFileReference; lastKnownFileType = sourcecode.swift; path = TimerView.swift; sourceTree = "<group>"; };
/* End PBXFileReference section */

/* Begin PBXFrameworksBuildPhase section */
		B47468F0235ACABF00F8359E /* Frameworks */ = {
			isa = PBXFrameworksBuildPhase;
			buildActionMask = 2147483647;
			files = (
			);
			runOnlyForDeploymentPostprocessing = 0;
		};
/* End PBXFrameworksBuildPhase section */

/* Begin PBXGroup section */
		B47468EA235ACABF00F8359E = {
			isa = PBXGroup;
			children = (
				B47468F5235ACABF00F8359E /* DispatchSourceTimerSwiftUIReloadBug */,
				B47468F4235ACABF00F8359E /* Products */,
			);
			sourceTree = "<group>";
		};
		B47468F4235ACABF00F8359E /* Products */ = {
			isa = PBXGroup;
			children = (
				B47468F3235ACABF00F8359E /* DispatchSourceTimerSwiftUIReloadBug.app */,
			);
			name = Products;
			sourceTree = "<group>";
		};
		B47468F5235ACABF00F8359E /* DispatchSourceTimerSwiftUIReloadBug */ = {
			isa = PBXGroup;
			children = (
				B47468F6235ACABF00F8359E /* AppDelegate.swift */,
				B47468F8235ACABF00F8359E /* SceneDelegate.swift */,
				B474690A235ACB7600F8359E /* WatchTimer.swift */,
				B47468FA235ACABF00F8359E /* ContentView.swift */,
				B474690E235ACCD100F8359E /* TimerView.swift */,
				B474690C235ACBF200F8359E /* LaunchTimerView.swift */,
				B47468FC235ACAC100F8359E /* Assets.xcassets */,
				B4746901235ACAC100F8359E /* LaunchScreen.storyboard */,
				B4746904235ACAC100F8359E /* Info.plist */,
				B47468FE235ACAC100F8359E /* Preview Content */,
			);
			path = DispatchSourceTimerSwiftUIReloadBug;
			sourceTree = "<group>";
		};
		B47468FE235ACAC100F8359E /* Preview Content */ = {
			isa = PBXGroup;
			children = (
				B47468FF235ACAC100F8359E /* Preview Assets.xcassets */,
			);
			path = "Preview Content";
			sourceTree = "<group>";
		};
/* End PBXGroup section */

/* Begin PBXNativeTarget section */
		B47468F2235ACABF00F8359E /* DispatchSourceTimerSwiftUIReloadBug */ = {
			isa = PBXNativeTarget;
			buildConfigurationList = B4746907235ACAC100F8359E /* Build configuration list for PBXNativeTarget "DispatchSourceTimerSwiftUIReloadBug" */;
			buildPhases = (
				B47468EF235ACABF00F8359E /* Sources */,
				B47468F0235ACABF00F8359E /* Frameworks */,
				B47468F1235ACABF00F8359E /* Resources */,
			);
			buildRules = (
			);
			dependencies = (
			);
			name = DispatchSourceTimerSwiftUIReloadBug;
			productName = DispatchSourceTimerSwiftUIReloadBug;
			productReference = B47468F3235ACABF00F8359E /* DispatchSourceTimerSwiftUIReloadBug.app */;
			productType = "com.apple.product-type.application";
		};
/* End PBXNativeTarget section */

/* Begin PBXProject section */
		B47468EB235ACABF00F8359E /* Project object */ = {
			isa = PBXProject;
			attributes = {
				LastSwiftUpdateCheck = 1110;
				LastUpgradeCheck = 1110;
				ORGANIZATIONNAME = Duoyun;
				TargetAttributes = {
					B47468F2235ACABF00F8359E = {
						CreatedOnToolsVersion = 11.1;
					};
				};
			};
			buildConfigurationList = B47468EE235ACABF00F8359E /* Build configuration list for PBXProject "DispatchSourceTimerSwiftUIReloadBug" */;
			compatibilityVersion = "Xcode 9.3";
			developmentRegion = en;
			hasScannedForEncodings = 0;
			knownRegions = (
				en,
				Base,
			);
			mainGroup = B47468EA235ACABF00F8359E;
			productRefGroup = B47468F4235ACABF00F8359E /* Products */;
			projectDirPath = "";
			projectRoot = "";
			targets = (
				B47468F2235ACABF00F8359E /* DispatchSourceTimerSwiftUIReloadBug */,
			);
		};
/* End PBXProject section */

/* Begin PBXResourcesBuildPhase section */
		B47468F1235ACABF00F8359E /* Resources */ = {
			isa = PBXResourcesBuildPhase;
			buildActionMask = 2147483647;
			files = (
				B4746903235ACAC100F8359E /* LaunchScreen.storyboard in Resources */,
				B4746900235ACAC100F8359E /* Preview Assets.xcassets in Resources */,
				B47468FD235ACAC100F8359E /* Assets.xcassets in Resources */,
			);
			runOnlyForDeploymentPostprocessing = 0;
		};
/* End PBXResourcesBuildPhase section */

/* Begin PBXSourcesBuildPhase section */
		B47468EF235ACABF00F8359E /* Sources */ = {
			isa = PBXSourcesBuildPhase;
			buildActionMask = 2147483647;
			files = (
				B474690F235ACCD100F8359E /* TimerView.swift in Sources */,
				B47468F7235ACABF00F8359E /* AppDelegate.swift in Sources */,
				B474690D235ACBF200F8359E /* LaunchTimerView.swift in Sources */,
				B47468F9235ACABF00F8359E /* SceneDelegate.swift in Sources */,
				B47468FB235ACABF00F8359E /* ContentView.swift in Sources */,
				B474690B235ACB7600F8359E /* WatchTimer.swift in Sources */,
			);
			runOnlyForDeploymentPostprocessing = 0;
		};
/* End PBXSourcesBuildPhase section */

/* Begin PBXVariantGroup section */
		B4746901235ACAC100F8359E /* LaunchScreen.storyboard */ = {
			isa = PBXVariantGroup;
			children = (
				B4746902235ACAC100F8359E /* Base */,
			);
			name = LaunchScreen.storyboard;
			sourceTree = "<group>";
		};
/* End PBXVariantGroup section */

/* Begin XCBuildConfiguration section */
		B4746905235ACAC100F8359E /* Debug */ = {
			isa = XCBuildConfiguration;
			buildSettings = {
				ALWAYS_SEARCH_USER_PATHS = NO;
				CLANG_ANALYZER_NONNULL = YES;
				CLANG_ANALYZER_NUMBER_OBJECT_CONVERSION = YES_AGGRESSIVE;
				CLANG_CXX_LANGUAGE_STANDARD = "gnu++14";
				CLANG_CXX_LIBRARY = "libc++";
				CLANG_ENABLE_MODULES = YES;
				CLANG_ENABLE_OBJC_ARC = YES;
				CLANG_ENABLE_OBJC_WEAK = YES;
				CLANG_WARN_BLOCK_CAPTURE_AUTORELEASING = YES;
				CLANG_WARN_BOOL_CONVERSION = YES;
				CLANG_WARN_COMMA = YES;
				CLANG_WARN_CONSTANT_CONVERSION = YES;
				CLANG_WARN_DEPRECATED_OBJC_IMPLEMENTATIONS = YES;
				CLANG_WARN_DIRECT_OBJC_ISA_USAGE = YES_ERROR;
				CLANG_WARN_DOCUMENTATION_COMMENTS = YES;
				CLANG_WARN_EMPTY_BODY = YES;
				CLANG_WARN_ENUM_CONVERSION = YES;
				CLANG_WARN_INFINITE_RECURSION = YES;
				CLANG_WARN_INT_CONVERSION = YES;
				CLANG_WARN_NON_LITERAL_NULL_CONVERSION = YES;
				CLANG_WARN_OBJC_IMPLICIT_RETAIN_SELF = YES;
				CLANG_WARN_OBJC_LITERAL_CONVERSION = YES;
				CLANG_WARN_OBJC_ROOT_CLASS = YES_ERROR;
				CLANG_WARN_RANGE_LOOP_ANALYSIS = YES;
				CLANG_WARN_STRICT_PROTOTYPES = YES;
				CLANG_WARN_SUSPICIOUS_MOVE = YES;
				CLANG_WARN_UNGUARDED_AVAILABILITY = YES_AGGRESSIVE;
				CLANG_WARN_UNREACHABLE_CODE = YES;
				CLANG_WARN__DUPLICATE_METHOD_MATCH = YES;
				COPY_PHASE_STRIP = NO;
				DEBUG_INFORMATION_FORMAT = dwarf;
				ENABLE_STRICT_OBJC_MSGSEND = YES;
				ENABLE_TESTABILITY = YES;
				GCC_C_LANGUAGE_STANDARD = gnu11;
				GCC_DYNAMIC_NO_PIC = NO;
				GCC_NO_COMMON_BLOCKS = YES;
				GCC_OPTIMIZATION_LEVEL = 0;
				GCC_PREPROCESSOR_DEFINITIONS = (
					"DEBUG=1",
					"$(inherited)",
				);
				GCC_WARN_64_TO_32_BIT_CONVERSION = YES;
				GCC_WARN_ABOUT_RETURN_TYPE = YES_ERROR;
				GCC_WARN_UNDECLARED_SELECTOR = YES;
				GCC_WARN_UNINITIALIZED_AUTOS = YES_AGGRESSIVE;
				GCC_WARN_UNUSED_FUNCTION = YES;
				GCC_WARN_UNUSED_VARIABLE = YES;
				IPHONEOS_DEPLOYMENT_TARGET = 13.1;
				MTL_ENABLE_DEBUG_INFO = INCLUDE_SOURCE;
				MTL_FAST_MATH = YES;
				ONLY_ACTIVE_ARCH = YES;
				SDKROOT = iphoneos;
				SWIFT_ACTIVE_COMPILATION_CONDITIONS = DEBUG;
				SWIFT_OPTIMIZATION_LEVEL = "-Onone";
			};
			name = Debug;
		};
		B4746906235ACAC100F8359E /* Release */ = {
			isa = XCBuildConfiguration;
			buildSettings = {
				ALWAYS_SEARCH_USER_PATHS = NO;
				CLANG_ANALYZER_NONNULL = YES;
				CLANG_ANALYZER_NUMBER_OBJECT_CONVERSION = YES_AGGRESSIVE;
				CLANG_CXX_LANGUAGE_STANDARD = "gnu++14";
				CLANG_CXX_LIBRARY = "libc++";
				CLANG_ENABLE_MODULES = YES;
				CLANG_ENABLE_OBJC_ARC = YES;
				CLANG_ENABLE_OBJC_WEAK = YES;
				CLANG_WARN_BLOCK_CAPTURE_AUTORELEASING = YES;
				CLANG_WARN_BOOL_CONVERSION = YES;
				CLANG_WARN_COMMA = YES;
				CLANG_WARN_CONSTANT_CONVERSION = YES;
				CLANG_WARN_DEPRECATED_OBJC_IMPLEMENTATIONS = YES;
				CLANG_WARN_DIRECT_OBJC_ISA_USAGE = YES_ERROR;
				CLANG_WARN_DOCUMENTATION_COMMENTS = YES;
				CLANG_WARN_EMPTY_BODY = YES;
				CLANG_WARN_ENUM_CONVERSION = YES;
				CLANG_WARN_INFINITE_RECURSION = YES;
				CLANG_WARN_INT_CONVERSION = YES;
				CLANG_WARN_NON_LITERAL_NULL_CONVERSION = YES;
				CLANG_WARN_OBJC_IMPLICIT_RETAIN_SELF = YES;
				CLANG_WARN_OBJC_LITERAL_CONVERSION = YES;
				CLANG_WARN_OBJC_ROOT_CLASS = YES_ERROR;
				CLANG_WARN_RANGE_LOOP_ANALYSIS = YES;
				CLANG_WARN_STRICT_PROTOTYPES = YES;
				CLANG_WARN_SUSPICIOUS_MOVE = YES;
				CLANG_WARN_UNGUARDED_AVAILABILITY = YES_AGGRESSIVE;
				CLANG_WARN_UNREACHABLE_CODE = YES;
				CLANG_WARN__DUPLICATE_METHOD_MATCH = YES;
				COPY_PHASE_STRIP = NO;
				DEBUG_INFORMATION_FORMAT = "dwarf-with-dsym";
				ENABLE_NS_ASSERTIONS = NO;
				ENABLE_STRICT_OBJC_MSGSEND = YES;
				GCC_C_LANGUAGE_STANDARD = gnu11;
				GCC_NO_COMMON_BLOCKS = YES;
				GCC_WARN_64_TO_32_BIT_CONVERSION = YES;
				GCC_WARN_ABOUT_RETURN_TYPE = YES_ERROR;
				GCC_WARN_UNDECLARED_SELECTOR = YES;
				GCC_WARN_UNINITIALIZED_AUTOS = YES_AGGRESSIVE;
				GCC_WARN_UNUSED_FUNCTION = YES;
				GCC_WARN_UNUSED_VARIABLE = YES;
				IPHONEOS_DEPLOYMENT_TARGET = 13.1;
				MTL_ENABLE_DEBUG_INFO = NO;
				MTL_FAST_MATH = YES;
				SDKROOT = iphoneos;
				SWIFT_COMPILATION_MODE = wholemodule;
				SWIFT_OPTIMIZATION_LEVEL = "-O";
				VALIDATE_PRODUCT = YES;
			};
			name = Release;
		};
		B4746908235ACAC100F8359E /* Debug */ = {
			isa = XCBuildConfiguration;
			buildSettings = {
				ASSETCATALOG_COMPILER_APPICON_NAME = AppIcon;
				CODE_SIGN_STYLE = Automatic;
				DEVELOPMENT_ASSET_PATHS = "\"DispatchSourceTimerSwiftUIReloadBug/Preview Content\"";
				DEVELOPMENT_TEAM = 76FXG652LY;
				ENABLE_PREVIEWS = YES;
				INFOPLIST_FILE = DispatchSourceTimerSwiftUIReloadBug/Info.plist;
				LD_RUNPATH_SEARCH_PATHS = (
					"$(inherited)",
					"@executable_path/Frameworks",
				);
				PRODUCT_BUNDLE_IDENTIFIER = me.duoyun.DispatchSourceTimerSwiftUIReloadBug;
				PRODUCT_NAME = "$(TARGET_NAME)";
				SWIFT_VERSION = 5.0;
				TARGETED_DEVICE_FAMILY = "1,2";
			};
			name = Debug;
		};
		B4746909235ACAC100F8359E /* Release */ = {
			isa = XCBuildConfiguration;
			buildSettings = {
				ASSETCATALOG_COMPILER_APPICON_NAME = AppIcon;
				CODE_SIGN_STYLE = Automatic;
				DEVELOPMENT_ASSET_PATHS = "\"DispatchSourceTimerSwiftUIReloadBug/Preview Content\"";
				DEVELOPMENT_TEAM = 76FXG652LY;
				ENABLE_PREVIEWS = YES;
				INFOPLIST_FILE = DispatchSourceTimerSwiftUIReloadBug/Info.plist;
				LD_RUNPATH_SEARCH_PATHS = (
					"$(inherited)",
					"@executable_path/Frameworks",
				);
				PRODUCT_BUNDLE_IDENTIFIER = me.duoyun.DispatchSourceTimerSwiftUIReloadBug;
				PRODUCT_NAME = "$(TARGET_NAME)";
				SWIFT_VERSION = 5.0;
				TARGETED_DEVICE_FAMILY = "1,2";
			};
			name = Release;
		};
/* End XCBuildConfiguration section */

/* Begin XCConfigurationList section */
		B47468EE235ACABF00F8359E /* Build configuration list for PBXProject "DispatchSourceTimerSwiftUIReloadBug" */ = {
			isa = XCConfigurationList;
			buildConfigurations = (
				B4746905235ACAC100F8359E /* Debug */,
				B4746906235ACAC100F8359E /* Release */,
			);
			defaultConfigurationIsVisible = 0;
			defaultConfigurationName = Release;
		};
		B4746907235ACAC100F8359E /* Build configuration list for PBXNativeTarget "DispatchSourceTimerSwiftUIReloadBug" */ = {
			isa = XCConfigurationList;
			buildConfigurations = (
				B4746908235ACAC100F8359E /* Debug */,
				B4746909235ACAC100F8359E /* Release */,
			);
			defaultConfigurationIsVisible = 0;
			defaultConfigurationName = Release;
		};
/* End XCConfigurationList section */
	};
	rootObject = B47468EB235ACABF00F8359E /* Project object */;
}
